// !$*UTF8*$!
{
	archiveVersion = 1;
	classes = {
	};
	objectVersion = 56;
	objects = {

/* Begin PBXBuildFile section */
		EE7E87612B73BE8D004B456B /* tic_tac_toeApp.swift in Sources */ = {isa = PBXBuildFile; fileRef = EE7E87602B73BE8D004B456B /* tic_tac_toeApp.swift */; };
		EE7E87632B73BE8D004B456B /* ContentView.swift in Sources */ = {isa = PBXBuildFile; fileRef = EE7E87622B73BE8D004B456B /* ContentView.swift */; };
		EE7E87652B73BE8F004B456B /* Assets.xcassets in Resources */ = {isa = PBXBuildFile; fileRef = EE7E87642B73BE8F004B456B /* Assets.xcassets */; };
		EE7E87682B73BE8F004B456B /* Preview Assets.xcassets in Resources */ = {isa = PBXBuildFile; fileRef = EE7E87672B73BE8F004B456B /* Preview Assets.xcassets */; };
		EE7E87722B73BE8F004B456B /* tic_tac_toeTests.swift in Sources */ = {isa = PBXBuildFile; fileRef = EE7E87712B73BE8F004B456B /* tic_tac_toeTests.swift */; };
		EE7E877C2B73BE8F004B456B /* tic_tac_toeUITests.swift in Sources */ = {isa = PBXBuildFile; fileRef = EE7E877B2B73BE8F004B456B /* tic_tac_toeUITests.swift */; };
		EE7E877E2B73BE8F004B456B /* tic_tac_toeUITestsLaunchTests.swift in Sources */ = {isa = PBXBuildFile; fileRef = EE7E877D2B73BE8F004B456B /* tic_tac_toeUITestsLaunchTests.swift */; };
/* End PBXBuildFile section */

/* Begin PBXContainerItemProxy section */
		EE7E876E2B73BE8F004B456B /* PBXContainerItemProxy */ = {
			isa = PBXContainerItemProxy;
			containerPortal = EE7E87552B73BE8D004B456B /* Project object */;
			proxyType = 1;
			remoteGlobalIDString = EE7E875C2B73BE8D004B456B;
			remoteInfo = "tic-tac-toe";
		};
		EE7E87782B73BE8F004B456B /* PBXContainerItemProxy */ = {
			isa = PBXContainerItemProxy;
			containerPortal = EE7E87552B73BE8D004B456B /* Project object */;
			proxyType = 1;
			remoteGlobalIDString = EE7E875C2B73BE8D004B456B;
			remoteInfo = "tic-tac-toe";
		};
/* End PBXContainerItemProxy section */

/* Begin PBXFileReference section */
		EE7E875D2B73BE8D004B456B /* tic-tac-toe.app */ = {isa = PBXFileReference; explicitFileType = wrapper.application; includeInIndex = 0; path = "tic-tac-toe.app"; sourceTree = BUILT_PRODUCTS_DIR; };
		EE7E87602B73BE8D004B456B /* tic_tac_toeApp.swift */ = {isa = PBXFileReference; lastKnownFileType = sourcecode.swift; path = tic_tac_toeApp.swift; sourceTree = "<group>"; };
		EE7E87622B73BE8D004B456B /* ContentView.swift */ = {isa = PBXFileReference; lastKnownFileType = sourcecode.swift; path = ContentView.swift; sourceTree = "<group>"; };
		EE7E87642B73BE8F004B456B /* Assets.xcassets */ = {isa = PBXFileReference; lastKnownFileType = folder.assetcatalog; path = Assets.xcassets; sourceTree = "<group>"; };
		EE7E87672B73BE8F004B456B /* Preview Assets.xcassets */ = {isa = PBXFileReference; lastKnownFileType = folder.assetcatalog; path = "Preview Assets.xcassets"; sourceTree = "<group>"; };
		EE7E876D2B73BE8F004B456B /* tic-tac-toeTests.xctest */ = {isa = PBXFileReference; explicitFileType = wrapper.cfbundle; includeInIndex = 0; path = "tic-tac-toeTests.xctest"; sourceTree = BUILT_PRODUCTS_DIR; };
		EE7E87712B73BE8F004B456B /* tic_tac_toeTests.swift */ = {isa = PBXFileReference; lastKnownFileType = sourcecode.swift; path = tic_tac_toeTests.swift; sourceTree = "<group>"; };
		EE7E87772B73BE8F004B456B /* tic-tac-toeUITests.xctest */ = {isa = PBXFileReference; explicitFileType = wrapper.cfbundle; includeInIndex = 0; path = "tic-tac-toeUITests.xctest"; sourceTree = BUILT_PRODUCTS_DIR; };
		EE7E877B2B73BE8F004B456B /* tic_tac_toeUITests.swift */ = {isa = PBXFileReference; lastKnownFileType = sourcecode.swift; path = tic_tac_toeUITests.swift; sourceTree = "<group>"; };
		EE7E877D2B73BE8F004B456B /* tic_tac_toeUITestsLaunchTests.swift */ = {isa = PBXFileReference; lastKnownFileType = sourcecode.swift; path = tic_tac_toeUITestsLaunchTests.swift; sourceTree = "<group>"; };
/* End PBXFileReference section */

/* Begin PBXFrameworksBuildPhase section */
		EE7E875A2B73BE8D004B456B /* Frameworks */ = {
			isa = PBXFrameworksBuildPhase;
			buildActionMask = 2147483647;
			files = (
			);
			runOnlyForDeploymentPostprocessing = 0;
		};
		EE7E876A2B73BE8F004B456B /* Frameworks */ = {
			isa = PBXFrameworksBuildPhase;
			buildActionMask = 2147483647;
			files = (
			);
			runOnlyForDeploymentPostprocessing = 0;
		};
		EE7E87742B73BE8F004B456B /* Frameworks */ = {
			isa = PBXFrameworksBuildPhase;
			buildActionMask = 2147483647;
			files = (
			);
			runOnlyForDeploymentPostprocessing = 0;
		};
/* End PBXFrameworksBuildPhase section */

/* Begin PBXGroup section */
		EE7E87542B73BE8D004B456B = {
			isa = PBXGroup;
			children = (
				EE7E875F2B73BE8D004B456B /* tic-tac-toe */,
				EE7E87702B73BE8F004B456B /* tic-tac-toeTests */,
				EE7E877A2B73BE8F004B456B /* tic-tac-toeUITests */,
				EE7E875E2B73BE8D004B456B /* Products */,
			);
			sourceTree = "<group>";
		};
		EE7E875E2B73BE8D004B456B /* Products */ = {
			isa = PBXGroup;
			children = (
				EE7E875D2B73BE8D004B456B /* tic-tac-toe.app */,
				EE7E876D2B73BE8F004B456B /* tic-tac-toeTests.xctest */,
				EE7E87772B73BE8F004B456B /* tic-tac-toeUITests.xctest */,
			);
			name = Products;
			sourceTree = "<group>";
		};
		EE7E875F2B73BE8D004B456B /* tic-tac-toe */ = {
			isa = PBXGroup;
			children = (
				EE7E87602B73BE8D004B456B /* tic_tac_toeApp.swift */,
				EE7E87622B73BE8D004B456B /* ContentView.swift */,
				EE7E87642B73BE8F004B456B /* Assets.xcassets */,
				EE7E87662B73BE8F004B456B /* Preview Content */,
			);
			path = "tic-tac-toe";
			sourceTree = "<group>";
		};
		EE7E87662B73BE8F004B456B /* Preview Content */ = {
			isa = PBXGroup;
			children = (
				EE7E87672B73BE8F004B456B /* Preview Assets.xcassets */,
			);
			path = "Preview Content";
			sourceTree = "<group>";
		};
		EE7E87702B73BE8F004B456B /* tic-tac-toeTests */ = {
			isa = PBXGroup;
			children = (
				EE7E87712B73BE8F004B456B /* tic_tac_toeTests.swift */,
			);
			path = "tic-tac-toeTests";
			sourceTree = "<group>";
		};
		EE7E877A2B73BE8F004B456B /* tic-tac-toeUITests */ = {
			isa = PBXGroup;
			children = (
				EE7E877B2B73BE8F004B456B /* tic_tac_toeUITests.swift */,
				EE7E877D2B73BE8F004B456B /* tic_tac_toeUITestsLaunchTests.swift */,
			);
			path = "tic-tac-toeUITests";
			sourceTree = "<group>";
		};
/* End PBXGroup section */

/* Begin PBXNativeTarget section */
		EE7E875C2B73BE8D004B456B /* tic-tac-toe */ = {
			isa = PBXNativeTarget;
			buildConfigurationList = EE7E87812B73BE8F004B456B /* Build configuration list for PBXNativeTarget "tic-tac-toe" */;
			buildPhases = (
				EE7E87592B73BE8D004B456B /* Sources */,
				EE7E875A2B73BE8D004B456B /* Frameworks */,
				EE7E875B2B73BE8D004B456B /* Resources */,
			);
			buildRules = (
			);
			dependencies = (
			);
			name = "tic-tac-toe";
			productName = "tic-tac-toe";
			productReference = EE7E875D2B73BE8D004B456B /* tic-tac-toe.app */;
			productType = "com.apple.product-type.application";
		};
		EE7E876C2B73BE8F004B456B /* tic-tac-toeTests */ = {
			isa = PBXNativeTarget;
			buildConfigurationList = EE7E87842B73BE8F004B456B /* Build configuration list for PBXNativeTarget "tic-tac-toeTests" */;
			buildPhases = (
				EE7E87692B73BE8F004B456B /* Sources */,
				EE7E876A2B73BE8F004B456B /* Frameworks */,
				EE7E876B2B73BE8F004B456B /* Resources */,
			);
			buildRules = (
			);
			dependencies = (
				EE7E876F2B73BE8F004B456B /* PBXTargetDependency */,
			);
			name = "tic-tac-toeTests";
			productName = "tic-tac-toeTests";
			productReference = EE7E876D2B73BE8F004B456B /* tic-tac-toeTests.xctest */;
			productType = "com.apple.product-type.bundle.unit-test";
		};
		EE7E87762B73BE8F004B456B /* tic-tac-toeUITests */ = {
			isa = PBXNativeTarget;
			buildConfigurationList = EE7E87872B73BE8F004B456B /* Build configuration list for PBXNativeTarget "tic-tac-toeUITests" */;
			buildPhases = (
				EE7E87732B73BE8F004B456B /* Sources */,
				EE7E87742B73BE8F004B456B /* Frameworks */,
				EE7E87752B73BE8F004B456B /* Resources */,
			);
			buildRules = (
			);
			dependencies = (
				EE7E87792B73BE8F004B456B /* PBXTargetDependency */,
			);
			name = "tic-tac-toeUITests";
			productName = "tic-tac-toeUITests";
			productReference = EE7E87772B73BE8F004B456B /* tic-tac-toeUITests.xctest */;
			productType = "com.apple.product-type.bundle.ui-testing";
		};
/* End PBXNativeTarget section */

/* Begin PBXProject section */
		EE7E87552B73BE8D004B456B /* Project object */ = {
			isa = PBXProject;
			attributes = {
				BuildIndependentTargetsInParallel = 1;
				LastSwiftUpdateCheck = 1520;
				LastUpgradeCheck = 1520;
				TargetAttributes = {
					EE7E875C2B73BE8D004B456B = {
						CreatedOnToolsVersion = 15.2;
					};
					EE7E876C2B73BE8F004B456B = {
						CreatedOnToolsVersion = 15.2;
						TestTargetID = EE7E875C2B73BE8D004B456B;
					};
					EE7E87762B73BE8F004B456B = {
						CreatedOnToolsVersion = 15.2;
						TestTargetID = EE7E875C2B73BE8D004B456B;
					};
				};
			};
			buildConfigurationList = EE7E87582B73BE8D004B456B /* Build configuration list for PBXProject "tic-tac-toe" */;
			compatibilityVersion = "Xcode 14.0";
			developmentRegion = en;
			hasScannedForEncodings = 0;
			knownRegions = (
				en,
				Base,
			);
			mainGroup = EE7E87542B73BE8D004B456B;
			productRefGroup = EE7E875E2B73BE8D004B456B /* Products */;
			projectDirPath = "";
			projectRoot = "";
			targets = (
				EE7E875C2B73BE8D004B456B /* tic-tac-toe */,
				EE7E876C2B73BE8F004B456B /* tic-tac-toeTests */,
				EE7E87762B73BE8F004B456B /* tic-tac-toeUITests */,
			);
		};
/* End PBXProject section */

/* Begin PBXResourcesBuildPhase section */
		EE7E875B2B73BE8D004B456B /* Resources */ = {
			isa = PBXResourcesBuildPhase;
			buildActionMask = 2147483647;
			files = (
				EE7E87682B73BE8F004B456B /* Preview Assets.xcassets in Resources */,
				EE7E87652B73BE8F004B456B /* Assets.xcassets in Resources */,
			);
			runOnlyForDeploymentPostprocessing = 0;
		};
		EE7E876B2B73BE8F004B456B /* Resources */ = {
			isa = PBXResourcesBuildPhase;
			buildActionMask = 2147483647;
			files = (
			);
			runOnlyForDeploymentPostprocessing = 0;
		};
		EE7E87752B73BE8F004B456B /* Resources */ = {
			isa = PBXResourcesBuildPhase;
			buildActionMask = 2147483647;
			files = (
			);
			runOnlyForDeploymentPostprocessing = 0;
		};
/* End PBXResourcesBuildPhase section */

/* Begin PBXSourcesBuildPhase section */
		EE7E87592B73BE8D004B456B /* Sources */ = {
			isa = PBXSourcesBuildPhase;
			buildActionMask = 2147483647;
			files = (
				EE7E87632B73BE8D004B456B /* ContentView.swift in Sources */,
				EE7E87612B73BE8D004B456B /* tic_tac_toeApp.swift in Sources */,
			);
			runOnlyForDeploymentPostprocessing = 0;
		};
		EE7E87692B73BE8F004B456B /* Sources */ = {
			isa = PBXSourcesBuildPhase;
			buildActionMask = 2147483647;
			files = (
				EE7E87722B73BE8F004B456B /* tic_tac_toeTests.swift in Sources */,
			);
			runOnlyForDeploymentPostprocessing = 0;
		};
		EE7E87732B73BE8F004B456B /* Sources */ = {
			isa = PBXSourcesBuildPhase;
			buildActionMask = 2147483647;
			files = (
				EE7E877C2B73BE8F004B456B /* tic_tac_toeUITests.swift in Sources */,
				EE7E877E2B73BE8F004B456B /* tic_tac_toeUITestsLaunchTests.swift in Sources */,
			);
			runOnlyForDeploymentPostprocessing = 0;
		};
/* End PBXSourcesBuildPhase section */

/* Begin PBXTargetDependency section */
		EE7E876F2B73BE8F004B456B /* PBXTargetDependency */ = {
			isa = PBXTargetDependency;
			target = EE7E875C2B73BE8D004B456B /* tic-tac-toe */;
			targetProxy = EE7E876E2B73BE8F004B456B /* PBXContainerItemProxy */;
		};
		EE7E87792B73BE8F004B456B /* PBXTargetDependency */ = {
			isa = PBXTargetDependency;
			target = EE7E875C2B73BE8D004B456B /* tic-tac-toe */;
			targetProxy = EE7E87782B73BE8F004B456B /* PBXContainerItemProxy */;
		};
/* End PBXTargetDependency section */

/* Begin XCBuildConfiguration section */
		EE7E877F2B73BE8F004B456B /* Debug */ = {
			isa = XCBuildConfiguration;
			buildSettings = {
				ALWAYS_SEARCH_USER_PATHS = NO;
				ASSETCATALOG_COMPILER_GENERATE_SWIFT_ASSET_SYMBOL_EXTENSIONS = YES;
				CLANG_ANALYZER_NONNULL = YES;
				CLANG_ANALYZER_NUMBER_OBJECT_CONVERSION = YES_AGGRESSIVE;
				CLANG_CXX_LANGUAGE_STANDARD = "gnu++20";
				CLANG_ENABLE_MODULES = YES;
				CLANG_ENABLE_OBJC_ARC = YES;
				CLANG_ENABLE_OBJC_WEAK = YES;
				CLANG_WARN_BLOCK_CAPTURE_AUTORELEASING = YES;
				CLANG_WARN_BOOL_CONVERSION = YES;
				CLANG_WARN_COMMA = YES;
				CLANG_WARN_CONSTANT_CONVERSION = YES;
				CLANG_WARN_DEPRECATED_OBJC_IMPLEMENTATIONS = YES;
				CLANG_WARN_DIRECT_OBJC_ISA_USAGE = YES_ERROR;
				CLANG_WARN_DOCUMENTATION_COMMENTS = YES;
				CLANG_WARN_EMPTY_BODY = YES;
				CLANG_WARN_ENUM_CONVERSION = YES;
				CLANG_WARN_INFINITE_RECURSION = YES;
				CLANG_WARN_INT_CONVERSION = YES;
				CLANG_WARN_NON_LITERAL_NULL_CONVERSION = YES;
				CLANG_WARN_OBJC_IMPLICIT_RETAIN_SELF = YES;
				CLANG_WARN_OBJC_LITERAL_CONVERSION = YES;
				CLANG_WARN_OBJC_ROOT_CLASS = YES_ERROR;
				CLANG_WARN_QUOTED_INCLUDE_IN_FRAMEWORK_HEADER = YES;
				CLANG_WARN_RANGE_LOOP_ANALYSIS = YES;
				CLANG_WARN_STRICT_PROTOTYPES = YES;
				CLANG_WARN_SUSPICIOUS_MOVE = YES;
				CLANG_WARN_UNGUARDED_AVAILABILITY = YES_AGGRESSIVE;
				CLANG_WARN_UNREACHABLE_CODE = YES;
				CLANG_WARN__DUPLICATE_METHOD_MATCH = YES;
				COPY_PHASE_STRIP = NO;
				DEBUG_INFORMATION_FORMAT = dwarf;
				ENABLE_STRICT_OBJC_MSGSEND = YES;
				ENABLE_TESTABILITY = YES;
				ENABLE_USER_SCRIPT_SANDBOXING = YES;
				GCC_C_LANGUAGE_STANDARD = gnu17;
				GCC_DYNAMIC_NO_PIC = NO;
				GCC_NO_COMMON_BLOCKS = YES;
				GCC_OPTIMIZATION_LEVEL = 0;
				GCC_PREPROCESSOR_DEFINITIONS = (
					"DEBUG=1",
					"$(inherited)",
				);
				GCC_WARN_64_TO_32_BIT_CONVERSION = YES;
				GCC_WARN_ABOUT_RETURN_TYPE = YES_ERROR;
				GCC_WARN_UNDECLARED_SELECTOR = YES;
				GCC_WARN_UNINITIALIZED_AUTOS = YES_AGGRESSIVE;
				GCC_WARN_UNUSED_FUNCTION = YES;
				GCC_WARN_UNUSED_VARIABLE = YES;
				IPHONEOS_DEPLOYMENT_TARGET = 17.2;
				LOCALIZATION_PREFERS_STRING_CATALOGS = YES;
				MTL_ENABLE_DEBUG_INFO = INCLUDE_SOURCE;
				MTL_FAST_MATH = YES;
				ONLY_ACTIVE_ARCH = YES;
				SDKROOT = iphoneos;
				SWIFT_ACTIVE_COMPILATION_CONDITIONS = "DEBUG $(inherited)";
				SWIFT_OPTIMIZATION_LEVEL = "-Onone";
			};
			name = Debug;
		};
		EE7E87802B73BE8F004B456B /* Release */ = {
			isa = XCBuildConfiguration;
			buildSettings = {
				ALWAYS_SEARCH_USER_PATHS = NO;
				ASSETCATALOG_COMPILER_GENERATE_SWIFT_ASSET_SYMBOL_EXTENSIONS = YES;
				CLANG_ANALYZER_NONNULL = YES;
				CLANG_ANALYZER_NUMBER_OBJECT_CONVERSION = YES_AGGRESSIVE;
				CLANG_CXX_LANGUAGE_STANDARD = "gnu++20";
				CLANG_ENABLE_MODULES = YES;
				CLANG_ENABLE_OBJC_ARC = YES;
				CLANG_ENABLE_OBJC_WEAK = YES;
				CLANG_WARN_BLOCK_CAPTURE_AUTORELEASING = YES;
				CLANG_WARN_BOOL_CONVERSION = YES;
				CLANG_WARN_COMMA = YES;
				CLANG_WARN_CONSTANT_CONVERSION = YES;
				CLANG_WARN_DEPRECATED_OBJC_IMPLEMENTATIONS = YES;
				CLANG_WARN_DIRECT_OBJC_ISA_USAGE = YES_ERROR;
				CLANG_WARN_DOCUMENTATION_COMMENTS = YES;
				CLANG_WARN_EMPTY_BODY = YES;
				CLANG_WARN_ENUM_CONVERSION = YES;
				CLANG_WARN_INFINITE_RECURSION = YES;
				CLANG_WARN_INT_CONVERSION = YES;
				CLANG_WARN_NON_LITERAL_NULL_CONVERSION = YES;
				CLANG_WARN_OBJC_IMPLICIT_RETAIN_SELF = YES;
				CLANG_WARN_OBJC_LITERAL_CONVERSION = YES;
				CLANG_WARN_OBJC_ROOT_CLASS = YES_ERROR;
				CLANG_WARN_QUOTED_INCLUDE_IN_FRAMEWORK_HEADER = YES;
				CLANG_WARN_RANGE_LOOP_ANALYSIS = YES;
				CLANG_WARN_STRICT_PROTOTYPES = YES;
				CLANG_WARN_SUSPICIOUS_MOVE = YES;
				CLANG_WARN_UNGUARDED_AVAILABILITY = YES_AGGRESSIVE;
				CLANG_WARN_UNREACHABLE_CODE = YES;
				CLANG_WARN__DUPLICATE_METHOD_MATCH = YES;
				COPY_PHASE_STRIP = NO;
				DEBUG_INFORMATION_FORMAT = "dwarf-with-dsym";
				ENABLE_NS_ASSERTIONS = NO;
				ENABLE_STRICT_OBJC_MSGSEND = YES;
				ENABLE_USER_SCRIPT_SANDBOXING = YES;
				GCC_C_LANGUAGE_STANDARD = gnu17;
				GCC_NO_COMMON_BLOCKS = YES;
				GCC_WARN_64_TO_32_BIT_CONVERSION = YES;
				GCC_WARN_ABOUT_RETURN_TYPE = YES_ERROR;
				GCC_WARN_UNDECLARED_SELECTOR = YES;
				GCC_WARN_UNINITIALIZED_AUTOS = YES_AGGRESSIVE;
				GCC_WARN_UNUSED_FUNCTION = YES;
				GCC_WARN_UNUSED_VARIABLE = YES;
				IPHONEOS_DEPLOYMENT_TARGET = 17.2;
				LOCALIZATION_PREFERS_STRING_CATALOGS = YES;
				MTL_ENABLE_DEBUG_INFO = NO;
				MTL_FAST_MATH = YES;
				SDKROOT = iphoneos;
				SWIFT_COMPILATION_MODE = wholemodule;
				VALIDATE_PRODUCT = YES;
			};
			name = Release;
		};
		EE7E87822B73BE8F004B456B /* Debug */ = {
			isa = XCBuildConfiguration;
			buildSettings = {
				ASSETCATALOG_COMPILER_APPICON_NAME = AppIcon;
				ASSETCATALOG_COMPILER_GLOBAL_ACCENT_COLOR_NAME = AccentColor;
				CODE_SIGN_STYLE = Automatic;
				CURRENT_PROJECT_VERSION = 1;
				DEVELOPMENT_ASSET_PATHS = "\"tic-tac-toe/Preview Content\"";
				ENABLE_PREVIEWS = YES;
				GENERATE_INFOPLIST_FILE = YES;
				INFOPLIST_KEY_UIApplicationSceneManifest_Generation = YES;
				INFOPLIST_KEY_UIApplicationSupportsIndirectInputEvents = YES;
				INFOPLIST_KEY_UILaunchScreen_Generation = YES;
				INFOPLIST_KEY_UISupportedInterfaceOrientations_iPad = "UIInterfaceOrientationPortrait UIInterfaceOrientationPortraitUpsideDown UIInterfaceOrientationLandscapeLeft UIInterfaceOrientationLandscapeRight";
				INFOPLIST_KEY_UISupportedInterfaceOrientations_iPhone = "UIInterfaceOrientationPortrait UIInterfaceOrientationLandscapeLeft UIInterfaceOrientationLandscapeRight";
				LD_RUNPATH_SEARCH_PATHS = (
					"$(inherited)",
					"@executable_path/Frameworks",
				);
				MARKETING_VERSION = 1.0;
				PRODUCT_BUNDLE_IDENTIFIER = "com.willassaly.tic-tac-toe";
				PRODUCT_NAME = "$(TARGET_NAME)";
				SWIFT_EMIT_LOC_STRINGS = YES;
				SWIFT_VERSION = 5.0;
				TARGETED_DEVICE_FAMILY = "1,2";
			};
			name = Debug;
		};
		EE7E87832B73BE8F004B456B /* Release */ = {
			isa = XCBuildConfiguration;
			buildSettings = {
				ASSETCATALOG_COMPILER_APPICON_NAME = AppIcon;
				ASSETCATALOG_COMPILER_GLOBAL_ACCENT_COLOR_NAME = AccentColor;
				CODE_SIGN_STYLE = Automatic;
				CURRENT_PROJECT_VERSION = 1;
				DEVELOPMENT_ASSET_PATHS = "\"tic-tac-toe/Preview Content\"";
				ENABLE_PREVIEWS = YES;
				GENERATE_INFOPLIST_FILE = YES;
				INFOPLIST_KEY_UIApplicationSceneManifest_Generation = YES;
				INFOPLIST_KEY_UIApplicationSupportsIndirectInputEvents = YES;
				INFOPLIST_KEY_UILaunchScreen_Generation = YES;
				INFOPLIST_KEY_UISupportedInterfaceOrientations_iPad = "UIInterfaceOrientationPortrait UIInterfaceOrientationPortraitUpsideDown UIInterfaceOrientationLandscapeLeft UIInterfaceOrientationLandscapeRight";
				INFOPLIST_KEY_UISupportedInterfaceOrientations_iPhone = "UIInterfaceOrientationPortrait UIInterfaceOrientationLandscapeLeft UIInterfaceOrientationLandscapeRight";
				LD_RUNPATH_SEARCH_PATHS = (
					"$(inherited)",
					"@executable_path/Frameworks",
				);
				MARKETING_VERSION = 1.0;
				PRODUCT_BUNDLE_IDENTIFIER = "com.willassaly.tic-tac-toe";
				PRODUCT_NAME = "$(TARGET_NAME)";
				SWIFT_EMIT_LOC_STRINGS = YES;
				SWIFT_VERSION = 5.0;
				TARGETED_DEVICE_FAMILY = "1,2";
			};
			name = Release;
		};
		EE7E87852B73BE8F004B456B /* Debug */ = {
			isa = XCBuildConfiguration;
			buildSettings = {
				ALWAYS_EMBED_SWIFT_STANDARD_LIBRARIES = YES;
				BUNDLE_LOADER = "$(TEST_HOST)";
				CODE_SIGN_STYLE = Automatic;
				CURRENT_PROJECT_VERSION = 1;
				GENERATE_INFOPLIST_FILE = YES;
				IPHONEOS_DEPLOYMENT_TARGET = 17.2;
				MARKETING_VERSION = 1.0;
				PRODUCT_BUNDLE_IDENTIFIER = "com.willassaly.tic-tac-toeTests";
				PRODUCT_NAME = "$(TARGET_NAME)";
				SWIFT_EMIT_LOC_STRINGS = NO;
				SWIFT_VERSION = 5.0;
				TARGETED_DEVICE_FAMILY = "1,2";
				TEST_HOST = "$(BUILT_PRODUCTS_DIR)/tic-tac-toe.app/$(BUNDLE_EXECUTABLE_FOLDER_PATH)/tic-tac-toe";
			};
			name = Debug;
		};
		EE7E87862B73BE8F004B456B /* Release */ = {
			isa = XCBuildConfiguration;
			buildSettings = {
				ALWAYS_EMBED_SWIFT_STANDARD_LIBRARIES = YES;
				BUNDLE_LOADER = "$(TEST_HOST)";
				CODE_SIGN_STYLE = Automatic;
				CURRENT_PROJECT_VERSION = 1;
				GENERATE_INFOPLIST_FILE = YES;
				IPHONEOS_DEPLOYMENT_TARGET = 17.2;
				MARKETING_VERSION = 1.0;
				PRODUCT_BUNDLE_IDENTIFIER = "com.willassaly.tic-tac-toeTests";
				PRODUCT_NAME = "$(TARGET_NAME)";
				SWIFT_EMIT_LOC_STRINGS = NO;
				SWIFT_VERSION = 5.0;
				TARGETED_DEVICE_FAMILY = "1,2";
				TEST_HOST = "$(BUILT_PRODUCTS_DIR)/tic-tac-toe.app/$(BUNDLE_EXECUTABLE_FOLDER_PATH)/tic-tac-toe";
			};
			name = Release;
		};
		EE7E87882B73BE8F004B456B /* Debug */ = {
			isa = XCBuildConfiguration;
			buildSettings = {
				ALWAYS_EMBED_SWIFT_STANDARD_LIBRARIES = YES;
				CODE_SIGN_STYLE = Automatic;
				CURRENT_PROJECT_VERSION = 1;
				GENERATE_INFOPLIST_FILE = YES;
				MARKETING_VERSION = 1.0;
				PRODUCT_BUNDLE_IDENTIFIER = "com.willassaly.tic-tac-toeUITests";
				PRODUCT_NAME = "$(TARGET_NAME)";
				SWIFT_EMIT_LOC_STRINGS = NO;
				SWIFT_VERSION = 5.0;
				TARGETED_DEVICE_FAMILY = "1,2";
				TEST_TARGET_NAME = "tic-tac-toe";
			};
			name = Debug;
		};
		EE7E87892B73BE8F004B456B /* Release */ = {
			isa = XCBuildConfiguration;
			buildSettings = {
				ALWAYS_EMBED_SWIFT_STANDARD_LIBRARIES = YES;
				CODE_SIGN_STYLE = Automatic;
				CURRENT_PROJECT_VERSION = 1;
				GENERATE_INFOPLIST_FILE = YES;
				MARKETING_VERSION = 1.0;
				PRODUCT_BUNDLE_IDENTIFIER = "com.willassaly.tic-tac-toeUITests";
				PRODUCT_NAME = "$(TARGET_NAME)";
				SWIFT_EMIT_LOC_STRINGS = NO;
				SWIFT_VERSION = 5.0;
				TARGETED_DEVICE_FAMILY = "1,2";
				TEST_TARGET_NAME = "tic-tac-toe";
			};
			name = Release;
		};
/* End XCBuildConfiguration section */

/* Begin XCConfigurationList section */
		EE7E87582B73BE8D004B456B /* Build configuration list for PBXProject "tic-tac-toe" */ = {
			isa = XCConfigurationList;
			buildConfigurations = (
				EE7E877F2B73BE8F004B456B /* Debug */,
				EE7E87802B73BE8F004B456B /* Release */,
			);
			defaultConfigurationIsVisible = 0;
			defaultConfigurationName = Release;
		};
		EE7E87812B73BE8F004B456B /* Build configuration list for PBXNativeTarget "tic-tac-toe" */ = {
			isa = XCConfigurationList;
			buildConfigurations = (
				EE7E87822B73BE8F004B456B /* Debug */,
				EE7E87832B73BE8F004B456B /* Release */,
			);
			defaultConfigurationIsVisible = 0;
			defaultConfigurationName = Release;
		};
		EE7E87842B73BE8F004B456B /* Build configuration list for PBXNativeTarget "tic-tac-toeTests" */ = {
			isa = XCConfigurationList;
			buildConfigurations = (
				EE7E87852B73BE8F004B456B /* Debug */,
				EE7E87862B73BE8F004B456B /* Release */,
			);
			defaultConfigurationIsVisible = 0;
			defaultConfigurationName = Release;
		};
		EE7E87872B73BE8F004B456B /* Build configuration list for PBXNativeTarget "tic-tac-toeUITests" */ = {
			isa = XCConfigurationList;
			buildConfigurations = (
				EE7E87882B73BE8F004B456B /* Debug */,
				EE7E87892B73BE8F004B456B /* Release */,
			);
			defaultConfigurationIsVisible = 0;
			defaultConfigurationName = Release;
		};
/* End XCConfigurationList section */
	};
	rootObject = EE7E87552B73BE8D004B456B /* Project object */;
}
